# This file is automatically @generated by Cargo.
# It is not intended for manual editing.
version = 3

[[package]]
name = "arrayvec"
version = "0.7.2"
source = "registry+https://github.com/rust-lang/crates.io-index"
checksum = "8da52d66c7071e2e3fa2a1e5c6d088fec47b593032b254f5e980de8ea54454d6"

[[package]]
name = "async-mutex"
version = "1.4.0"
source = "registry+https://github.com/rust-lang/crates.io-index"
checksum = "479db852db25d9dbf6204e6cb6253698f175c15726470f78af0d918e99d6156e"
dependencies = [
 "event-listener",
]

[[package]]
name = "async-rwlock"
version = "1.3.0"
source = "registry+https://github.com/rust-lang/crates.io-index"
checksum = "261803dcc39ba9e72760ba6e16d0199b1eef9fc44e81bffabbebb9f5aea3906c"
dependencies = [
 "async-mutex",
 "event-listener",
]

[[package]]
name = "async-trait"
version = "0.1.52"
source = "registry+https://github.com/rust-lang/crates.io-index"
checksum = "061a7acccaa286c011ddc30970520b98fa40e00c9d644633fb26b5fc63a265e3"
dependencies = [
 "proc-macro2",
 "quote",
 "syn",
]

[[package]]
name = "brownstone"
version = "1.1.0"
source = "registry+https://github.com/rust-lang/crates.io-index"
checksum = "030ea61398f34f1395ccbeb046fb68c87b631d1f34567fed0f0f11fa35d18d8d"
dependencies = [
 "arrayvec",
]

[[package]]
name = "bytecount"
version = "0.6.2"
source = "registry+https://github.com/rust-lang/crates.io-index"
checksum = "72feb31ffc86498dacdbd0fcebb56138e7177a8cc5cea4516031d15ae85a742e"

[[package]]
name = "cached"
version = "0.30.0"
source = "registry+https://github.com/rust-lang/crates.io-index"
checksum = "af4dfac631a8e77b2f327f7852bb6172771f5279c4512efe79fad6067b37be3d"
dependencies = [
 "async-mutex",
 "async-rwlock",
 "async-trait",
 "cached_proc_macro",
 "cached_proc_macro_types",
 "futures",
 "hashbrown",
 "once_cell",
]

[[package]]
name = "cached_proc_macro"
version = "0.9.0"
source = "registry+https://github.com/rust-lang/crates.io-index"
checksum = "725f434d6da2814b989bd905c62ca28a9383feff7440210dc279665fbbbc9511"
dependencies = [
 "cached_proc_macro_types",
 "darling",
 "quote",
 "syn",
]

[[package]]
name = "cached_proc_macro_types"
version = "0.1.0"
source = "registry+https://github.com/rust-lang/crates.io-index"
checksum = "3a4f925191b4367301851c6d99b09890311d74b0d43f274c0b34c86d308a3663"

[[package]]
name = "convert_case"
version = "0.4.0"
source = "registry+https://github.com/rust-lang/crates.io-index"
checksum = "6245d59a3e82a7fc217c5828a6692dbc6dfb63a0c8c90495621f7b9d79704a0e"

[[package]]
name = "darling"
version = "0.13.1"
source = "registry+https://github.com/rust-lang/crates.io-index"
checksum = "d0d720b8683f8dd83c65155f0530560cba68cd2bf395f6513a483caee57ff7f4"
dependencies = [
 "darling_core",
 "darling_macro",
]

[[package]]
name = "darling_core"
version = "0.13.1"
source = "registry+https://github.com/rust-lang/crates.io-index"
checksum = "7a340f241d2ceed1deb47ae36c4144b2707ec7dd0b649f894cb39bb595986324"
dependencies = [
 "fnv",
 "ident_case",
 "proc-macro2",
 "quote",
 "strsim",
 "syn",
]

[[package]]
name = "darling_macro"
version = "0.13.1"
source = "registry+https://github.com/rust-lang/crates.io-index"
checksum = "72c41b3b7352feb3211a0d743dc5700a4e3b60f51bd2b368892d1e0f9a95f44b"
dependencies = [
 "darling_core",
 "quote",
 "syn",
]

[[package]]
name = "derive_more"
version = "0.99.17"
source = "registry+https://github.com/rust-lang/crates.io-index"
checksum = "4fb810d30a7c1953f91334de7244731fc3f3c10d7fe163338a35b9f640960321"
dependencies = [
 "convert_case",
 "proc-macro2",
 "quote",
 "rustc_version",
 "syn",
]

[[package]]
name = "event-listener"
version = "2.5.2"
source = "registry+https://github.com/rust-lang/crates.io-index"
checksum = "77f3309417938f28bf8228fcff79a4a37103981e3e186d2ccd19c74b38f4eb71"

[[package]]
name = "fnv"
version = "1.0.7"
source = "registry+https://github.com/rust-lang/crates.io-index"
checksum = "3f9eec918d3f24069decb9af1554cad7c880e2da24a9afd88aca000531ab82c1"

[[package]]
name = "futures"
version = "0.3.19"
source = "registry+https://github.com/rust-lang/crates.io-index"
checksum = "28560757fe2bb34e79f907794bb6b22ae8b0e5c669b638a1132f2592b19035b4"
dependencies = [
 "futures-channel",
 "futures-core",
 "futures-executor",
 "futures-io",
 "futures-sink",
 "futures-task",
 "futures-util",
]

[[package]]
name = "futures-channel"
version = "0.3.19"
source = "registry+https://github.com/rust-lang/crates.io-index"
checksum = "ba3dda0b6588335f360afc675d0564c17a77a2bda81ca178a4b6081bd86c7f0b"
dependencies = [
 "futures-core",
 "futures-sink",
]

[[package]]
name = "futures-core"
version = "0.3.19"
source = "registry+https://github.com/rust-lang/crates.io-index"
checksum = "d0c8ff0461b82559810cdccfde3215c3f373807f5e5232b71479bff7bb2583d7"

[[package]]
name = "futures-executor"
version = "0.3.19"
source = "registry+https://github.com/rust-lang/crates.io-index"
checksum = "29d6d2ff5bb10fb95c85b8ce46538a2e5f5e7fdc755623a7d4529ab8a4ed9d2a"
dependencies = [
 "futures-core",
 "futures-task",
 "futures-util",
]

[[package]]
name = "futures-io"
version = "0.3.19"
source = "registry+https://github.com/rust-lang/crates.io-index"
checksum = "b1f9d34af5a1aac6fb380f735fe510746c38067c5bf16c7fd250280503c971b2"

[[package]]
name = "futures-macro"
version = "0.3.19"
source = "registry+https://github.com/rust-lang/crates.io-index"
checksum = "6dbd947adfffb0efc70599b3ddcf7b5597bb5fa9e245eb99f62b3a5f7bb8bd3c"
dependencies = [
 "proc-macro2",
 "quote",
 "syn",
]

[[package]]
name = "futures-sink"
version = "0.3.19"
source = "registry+https://github.com/rust-lang/crates.io-index"
checksum = "e3055baccb68d74ff6480350f8d6eb8fcfa3aa11bdc1a1ae3afdd0514617d508"

[[package]]
name = "futures-task"
version = "0.3.19"
source = "registry+https://github.com/rust-lang/crates.io-index"
checksum = "6ee7c6485c30167ce4dfb83ac568a849fe53274c831081476ee13e0dce1aad72"

[[package]]
name = "futures-util"
version = "0.3.19"
source = "registry+https://github.com/rust-lang/crates.io-index"
checksum = "d9b5cf40b47a271f77a8b1bec03ca09044d99d2372c0de244e66430761127164"
dependencies = [
 "futures-channel",
 "futures-core",
 "futures-io",
 "futures-macro",
 "futures-sink",
 "futures-task",
 "memchr",
 "pin-project-lite",
 "pin-utils",
 "slab",
]

[[package]]
name = "hardware_simulator"
version = "0.1.1"
dependencies = [
 "cached",
 "derive_more",
 "lazy_static",
 "nom",
 "nom-supreme",
 "nom_locate",
 "thiserror",
]

[[package]]
name = "hashbrown"
version = "0.11.2"
source = "registry+https://github.com/rust-lang/crates.io-index"
checksum = "ab5ef0d4909ef3724cc8cce6ccc8572c5c817592e9285f5464f8e86f8bd3726e"

[[package]]
name = "ident_case"
version = "1.0.1"
source = "registry+https://github.com/rust-lang/crates.io-index"
checksum = "b9e0384b61958566e926dc50660321d12159025e767c18e043daf26b70104c39"

[[package]]
name = "indent_write"
version = "2.2.0"
source = "registry+https://github.com/rust-lang/crates.io-index"
checksum = "0cfe9645a18782869361d9c8732246be7b410ad4e919d3609ebabdac00ba12c3"

[[package]]
name = "joinery"
version = "2.1.0"
source = "registry+https://github.com/rust-lang/crates.io-index"
checksum = "72167d68f5fce3b8655487b8038691a3c9984ee769590f93f2a631f4ad64e4f5"

[[package]]
name = "lazy_static"
version = "1.4.0"
source = "registry+https://github.com/rust-lang/crates.io-index"
checksum = "e2abad23fbc42b3700f2f279844dc832adb2b2eb069b2df918f455c4e18cc646"

[[package]]
name = "memchr"
version = "2.4.1"
source = "registry+https://github.com/rust-lang/crates.io-index"
checksum = "308cc39be01b73d0d18f82a0e7b2a3df85245f84af96fdddc5d202d27e47b86a"

[[package]]
name = "minimal-lexical"
version = "0.2.1"
source = "registry+https://github.com/rust-lang/crates.io-index"
checksum = "68354c5c6bd36d73ff3feceb05efa59b6acb7626617f4962be322a825e61f79a"

[[package]]
name = "nom"
version = "7.1.0"
source = "registry+https://github.com/rust-lang/crates.io-index"
checksum = "1b1d11e1ef389c76fe5b81bcaf2ea32cf88b62bc494e19f493d0b30e7a930109"
dependencies = [
 "memchr",
 "minimal-lexical",
 "version_check",
]

[[package]]
name = "nom-supreme"
version = "0.6.0"
source = "registry+https://github.com/rust-lang/crates.io-index"
checksum = "aadc66631948f6b65da03be4c4cd8bd104d481697ecbb9bbd65719b1ec60bc9f"
dependencies = [
 "brownstone",
 "indent_write",
 "joinery",
 "memchr",
 "nom",
]

[[package]]
name = "nom_locate"
version = "4.0.0"
source = "registry+https://github.com/rust-lang/crates.io-index"
checksum = "37794436ca3029a3089e0b95d42da1f0b565ad271e4d3bb4bad0c7bb70b10605"
dependencies = [
 "bytecount",
 "memchr",
 "nom",
]

[[package]]
name = "once_cell"
version = "1.9.0"
source = "registry+https://github.com/rust-lang/crates.io-index"
checksum = "da32515d9f6e6e489d7bc9d84c71b060db7247dc035bbe44eac88cf87486d8d5"

[[package]]
name = "pin-project-lite"
version = "0.2.8"
source = "registry+https://github.com/rust-lang/crates.io-index"
checksum = "e280fbe77cc62c91527259e9442153f4688736748d24660126286329742b4c6c"

[[package]]
name = "pin-utils"
version = "0.1.0"
source = "registry+https://github.com/rust-lang/crates.io-index"
checksum = "8b870d8c151b6f2fb93e84a13146138f05d02ed11c7e7c54f8826aaaf7c9f184"

[[package]]
name = "proc-macro2"
version = "1.0.36"
source = "registry+https://github.com/rust-lang/crates.io-index"
checksum = "c7342d5883fbccae1cc37a2353b09c87c9b0f3afd73f5fb9bba687a1f733b029"
dependencies = [
 "unicode-xid",
]

[[package]]
name = "quote"
version = "1.0.15"
source = "registry+https://github.com/rust-lang/crates.io-index"
checksum = "864d3e96a899863136fc6e99f3d7cae289dafe43bf2c5ac19b70df7210c0a145"
dependencies = [
 "proc-macro2",
]

[[package]]
name = "rustc_version"
version = "0.4.0"
source = "registry+https://github.com/rust-lang/crates.io-index"
checksum = "bfa0f585226d2e68097d4f95d113b15b83a82e819ab25717ec0590d9584ef366"
dependencies = [
 "semver",
]

[[package]]
name = "semver"
version = "1.0.4"
source = "registry+https://github.com/rust-lang/crates.io-index"
checksum = "568a8e6258aa33c13358f81fd834adb854c6f7c9468520910a9b1e8fac068012"

[[package]]
name = "slab"
version = "0.4.5"
source = "registry+https://github.com/rust-lang/crates.io-index"
checksum = "9def91fd1e018fe007022791f865d0ccc9b3a0d5001e01aabb8b40e46000afb5"

[[package]]
name = "strsim"
version = "0.10.0"
source = "registry+https://github.com/rust-lang/crates.io-index"
checksum = "73473c0e59e6d5812c5dfe2a064a6444949f089e20eec9a2e5506596494e4623"

[[package]]
name = "syn"
version = "1.0.86"
source = "registry+https://github.com/rust-lang/crates.io-index"
checksum = "8a65b3f4ffa0092e9887669db0eae07941f023991ab58ea44da8fe8e2d511c6b"
dependencies = [
 "proc-macro2",
 "quote",
 "unicode-xid",
]

[[package]]
name = "thiserror"
version = "1.0.30"
source = "registry+https://github.com/rust-lang/crates.io-index"
checksum = "854babe52e4df1653706b98fcfc05843010039b406875930a70e4d9644e5c417"
dependencies = [
 "thiserror-impl",
]

[[package]]
name = "thiserror-impl"
version = "1.0.30"
source = "registry+https://github.com/rust-lang/crates.io-index"
checksum = "aa32fd3f627f367fe16f893e2597ae3c05020f8bba2666a4e6ea73d377e5714b"
dependencies = [
 "proc-macro2",
 "quote",
 "syn",
]

[[package]]
name = "unicode-xid"
version = "0.2.2"
source = "registry+https://github.com/rust-lang/crates.io-index"
checksum = "8ccb82d61f80a663efe1f787a51b16b5a51e3314d6ac365b08639f52387b33f3"

[[package]]
name = "version_check"
version = "0.9.4"
source = "registry+https://github.com/rust-lang/crates.io-index"
checksum = "49874b5167b65d7193b8aba1567f5c7d93d001cafc34600cee003eda787e483f"
